
Microsoft Visual Studio Solution File, Format Version 12.00
# Visual Studio Version 16
VisualStudioVersion = 16.0.31515.178
MinimumVisualStudioVersion = 10.0.40219.1
Project("{8BC9CEB8-8B4A-11D0-8D11-00A0C91BC942}") = "Lab1_DataType", "Lab1_DataType\Lab1_DataType.vcxproj", "{C076A46F-015B-4F49-A614-4EEC2CB4D775}"
EndProject
Project("{8BC9CEB8-8B4A-11D0-8D11-00A0C91BC942}") = "Lab2_Cycles", "Lab2_Cycles\Lab2_Cycles.vcxproj", "{A434580D-18DB-42C1-81E9-CEF67A780C36}"
EndProject
Project("{8BC9CEB8-8B4A-11D0-8D11-00A0C91BC942}") = "Lab3_Arrays", "Lab3_Arrays\Lab3_Arrays.vcxproj", "{9B734C1D-577E-4EB6-BAD1-2F0E6B94EA22}"
EndProject
Project("{8BC9CEB8-8B4A-11D0-8D11-00A0C91BC942}") = "Lab3_DinamicArr", "Lab3_DinamicArr\Lab3_DinamicArr.vcxproj", "{4235AC65-AAB9-42D9-B157-FCE7839E8153}"
EndProject
Project("{8BC9CEB8-8B4A-11D0-8D11-00A0C91BC942}") = "Lab4_C-strings", "Lab4_C-strings\Lab4_C-strings.vcxproj", "{4A2D41D7-4847-4516-BCB0-8C076E312B53}"
EndProject
Project("{8BC9CEB8-8B4A-11D0-8D11-00A0C91BC942}") = "Lab4_Files", "Lab4_Files\Lab4_Files.vcxproj", "{15E027F9-9530-4B3B-90AC-535BBABE8A4B}"
EndProject
Project("{8BC9CEB8-8B4A-11D0-8D11-00A0C91BC942}") = "Lab5_Class", "Lab5_Class\Lab5_Class.vcxproj", "{E96FE691-8539-45E4-A9FA-28406270046C}"
EndProject
Project("{8BC9CEB8-8B4A-11D0-8D11-00A0C91BC942}") = "Lab6_Stack", "Lab6_Stack\Lab6_Stack.vcxproj", "{AE22CDAE-D057-4AE2-9F7F-D3482017167F}"
EndProject
Project("{8BC9CEB8-8B4A-11D0-8D11-00A0C91BC942}") = "Lab6_Deque", "Lab6_Deque\Lab6_Deque.vcxproj", "{17EA5F4A-466A-4C2F-B029-16C0035A8885}"
EndProject
Project("{8BC9CEB8-8B4A-11D0-8D11-00A0C91BC942}") = "Lab6_Queue", "Lab6_Queue\Lab6_Queue.vcxproj", "{70B72BE2-4FE1-46D7-9D1F-F59E78751F40}"
EndProject
Global
	GlobalSection(SolutionConfigurationPlatforms) = preSolution
		Debug|x64 = Debug|x64
		Debug|x86 = Debug|x86
		Release|x64 = Release|x64
		Release|x86 = Release|x86
	EndGlobalSection
	GlobalSection(ProjectConfigurationPlatforms) = postSolution
		{C076A46F-015B-4F49-A614-4EEC2CB4D775}.Debug|x64.ActiveCfg = Debug|x64
		{C076A46F-015B-4F49-A614-4EEC2CB4D775}.Debug|x64.Build.0 = Debug|x64
		{C076A46F-015B-4F49-A614-4EEC2CB4D775}.Debug|x86.ActiveCfg = Debug|Win32
		{C076A46F-015B-4F49-A614-4EEC2CB4D775}.Debug|x86.Build.0 = Debug|Win32
		{C076A46F-015B-4F49-A614-4EEC2CB4D775}.Release|x64.ActiveCfg = Release|x64
		{C076A46F-015B-4F49-A614-4EEC2CB4D775}.Release|x64.Build.0 = Release|x64
		{C076A46F-015B-4F49-A614-4EEC2CB4D775}.Release|x86.ActiveCfg = Release|Win32
		{C076A46F-015B-4F49-A614-4EEC2CB4D775}.Release|x86.Build.0 = Release|Win32
		{A434580D-18DB-42C1-81E9-CEF67A780C36}.Debug|x64.ActiveCfg = Debug|x64
		{A434580D-18DB-42C1-81E9-CEF67A780C36}.Debug|x64.Build.0 = Debug|x64
		{A434580D-18DB-42C1-81E9-CEF67A780C36}.Debug|x86.ActiveCfg = Debug|Win32
		{A434580D-18DB-42C1-81E9-CEF67A780C36}.Debug|x86.Build.0 = Debug|Win32
		{A434580D-18DB-42C1-81E9-CEF67A780C36}.Release|x64.ActiveCfg = Release|x64
		{A434580D-18DB-42C1-81E9-CEF67A780C36}.Release|x64.Build.0 = Release|x64
		{A434580D-18DB-42C1-81E9-CEF67A780C36}.Release|x86.ActiveCfg = Release|Win32
		{A434580D-18DB-42C1-81E9-CEF67A780C36}.Release|x86.Build.0 = Release|Win32
		{9B734C1D-577E-4EB6-BAD1-2F0E6B94EA22}.Debug|x64.ActiveCfg = Debug|x64
		{9B734C1D-577E-4EB6-BAD1-2F0E6B94EA22}.Debug|x64.Build.0 = Debug|x64
		{9B734C1D-577E-4EB6-BAD1-2F0E6B94EA22}.Debug|x86.ActiveCfg = Debug|Win32
		{9B734C1D-577E-4EB6-BAD1-2F0E6B94EA22}.Debug|x86.Build.0 = Debug|Win32
		{9B734C1D-577E-4EB6-BAD1-2F0E6B94EA22}.Release|x64.ActiveCfg = Release|x64
		{9B734C1D-577E-4EB6-BAD1-2F0E6B94EA22}.Release|x64.Build.0 = Release|x64
		{9B734C1D-577E-4EB6-BAD1-2F0E6B94EA22}.Release|x86.ActiveCfg = Release|Win32
		{9B734C1D-577E-4EB6-BAD1-2F0E6B94EA22}.Release|x86.Build.0 = Release|Win32
		{4235AC65-AAB9-42D9-B157-FCE7839E8153}.Debug|x64.ActiveCfg = Debug|x64
		{4235AC65-AAB9-42D9-B157-FCE7839E8153}.Debug|x64.Build.0 = Debug|x64
		{4235AC65-AAB9-42D9-B157-FCE7839E8153}.Debug|x86.ActiveCfg = Debug|Win32
		{4235AC65-AAB9-42D9-B157-FCE7839E8153}.Debug|x86.Build.0 = Debug|Win32
		{4235AC65-AAB9-42D9-B157-FCE7839E8153}.Release|x64.ActiveCfg = Release|x64
		{4235AC65-AAB9-42D9-B157-FCE7839E8153}.Release|x64.Build.0 = Release|x64
		{4235AC65-AAB9-42D9-B157-FCE7839E8153}.Release|x86.ActiveCfg = Release|Win32
		{4235AC65-AAB9-42D9-B157-FCE7839E8153}.Release|x86.Build.0 = Release|Win32
		{4A2D41D7-4847-4516-BCB0-8C076E312B53}.Debug|x64.ActiveCfg = Debug|x64
		{4A2D41D7-4847-4516-BCB0-8C076E312B53}.Debug|x64.Build.0 = Debug|x64
		{4A2D41D7-4847-4516-BCB0-8C076E312B53}.Debug|x86.ActiveCfg = Debug|Win32
		{4A2D41D7-4847-4516-BCB0-8C076E312B53}.Debug|x86.Build.0 = Debug|Win32
		{4A2D41D7-4847-4516-BCB0-8C076E312B53}.Release|x64.ActiveCfg = Release|x64
		{4A2D41D7-4847-4516-BCB0-8C076E312B53}.Release|x64.Build.0 = Release|x64
		{4A2D41D7-4847-4516-BCB0-8C076E312B53}.Release|x86.ActiveCfg = Release|Win32
		{4A2D41D7-4847-4516-BCB0-8C076E312B53}.Release|x86.Build.0 = Release|Win32
		{15E027F9-9530-4B3B-90AC-535BBABE8A4B}.Debug|x64.ActiveCfg = Debug|x64
		{15E027F9-9530-4B3B-90AC-535BBABE8A4B}.Debug|x64.Build.0 = Debug|x64
		{15E027F9-9530-4B3B-90AC-535BBABE8A4B}.Debug|x86.ActiveCfg = Debug|Win32
		{15E027F9-9530-4B3B-90AC-535BBABE8A4B}.Debug|x86.Build.0 = Debug|Win32
		{15E027F9-9530-4B3B-90AC-535BBABE8A4B}.Release|x64.ActiveCfg = Release|x64
		{15E027F9-9530-4B3B-90AC-535BBABE8A4B}.Release|x64.Build.0 = Release|x64
		{15E027F9-9530-4B3B-90AC-535BBABE8A4B}.Release|x86.ActiveCfg = Release|Win32
		{15E027F9-9530-4B3B-90AC-535BBABE8A4B}.Release|x86.Build.0 = Release|Win32
		{E96FE691-8539-45E4-A9FA-28406270046C}.Debug|x64.ActiveCfg = Debug|x64
		{E96FE691-8539-45E4-A9FA-28406270046C}.Debug|x64.Build.0 = Debug|x64
		{E96FE691-8539-45E4-A9FA-28406270046C}.Debug|x86.ActiveCfg = Debug|Win32
		{E96FE691-8539-45E4-A9FA-28406270046C}.Debug|x86.Build.0 = Debug|Win32
		{E96FE691-8539-45E4-A9FA-28406270046C}.Release|x64.ActiveCfg = Release|x64
		{E96FE691-8539-45E4-A9FA-28406270046C}.Release|x64.Build.0 = Release|x64
		{E96FE691-8539-45E4-A9FA-28406270046C}.Release|x86.ActiveCfg = Release|Win32
		{E96FE691-8539-45E4-A9FA-28406270046C}.Release|x86.Build.0 = Release|Win32
		{AE22CDAE-D057-4AE2-9F7F-D3482017167F}.Debug|x64.ActiveCfg = Debug|x64
		{AE22CDAE-D057-4AE2-9F7F-D3482017167F}.Debug|x64.Build.0 = Debug|x64
		{AE22CDAE-D057-4AE2-9F7F-D3482017167F}.Debug|x86.ActiveCfg = Debug|Win32
		{AE22CDAE-D057-4AE2-9F7F-D3482017167F}.Debug|x86.Build.0 = Debug|Win32
		{AE22CDAE-D057-4AE2-9F7F-D3482017167F}.Release|x64.ActiveCfg = Release|x64
		{AE22CDAE-D057-4AE2-9F7F-D3482017167F}.Release|x64.Build.0 = Release|x64
		{AE22CDAE-D057-4AE2-9F7F-D3482017167F}.Release|x86.ActiveCfg = Release|Win32
		{AE22CDAE-D057-4AE2-9F7F-D3482017167F}.Release|x86.Build.0 = Release|Win32
		{17EA5F4A-466A-4C2F-B029-16C0035A8885}.Debug|x64.ActiveCfg = Debug|x64
		{17EA5F4A-466A-4C2F-B029-16C0035A8885}.Debug|x64.Build.0 = Debug|x64
		{17EA5F4A-466A-4C2F-B029-16C0035A8885}.Debug|x86.ActiveCfg = Debug|Win32
		{17EA5F4A-466A-4C2F-B029-16C0035A8885}.Debug|x86.Build.0 = Debug|Win32
		{17EA5F4A-466A-4C2F-B029-16C0035A8885}.Release|x64.ActiveCfg = Release|x64
		{17EA5F4A-466A-4C2F-B029-16C0035A8885}.Release|x64.Build.0 = Release|x64
		{17EA5F4A-466A-4C2F-B029-16C0035A8885}.Release|x86.ActiveCfg = Release|Win32
		{17EA5F4A-466A-4C2F-B029-16C0035A8885}.Release|x86.Build.0 = Release|Win32
		{70B72BE2-4FE1-46D7-9D1F-F59E78751F40}.Debug|x64.ActiveCfg = Debug|x64
		{70B72BE2-4FE1-46D7-9D1F-F59E78751F40}.Debug|x64.Build.0 = Debug|x64
		{70B72BE2-4FE1-46D7-9D1F-F59E78751F40}.Debug|x86.ActiveCfg = Debug|Win32
		{70B72BE2-4FE1-46D7-9D1F-F59E78751F40}.Debug|x86.Build.0 = Debug|Win32
		{70B72BE2-4FE1-46D7-9D1F-F59E78751F40}.Release|x64.ActiveCfg = Release|x64
		{70B72BE2-4FE1-46D7-9D1F-F59E78751F40}.Release|x64.Build.0 = Release|x64
		{70B72BE2-4FE1-46D7-9D1F-F59E78751F40}.Release|x86.ActiveCfg = Release|Win32
		{70B72BE2-4FE1-46D7-9D1F-F59E78751F40}.Release|x86.Build.0 = Release|Win32
	EndGlobalSection
	GlobalSection(SolutionProperties) = preSolution
		HideSolutionNode = FALSE
	EndGlobalSection
	GlobalSection(ExtensibilityGlobals) = postSolution
		SolutionGuid = {2BF407AC-DE7E-438F-B963-42FB1B99855D}
	EndGlobalSection
EndGlobal
